// !$*UTF8*$!
{
	archiveVersion = 1;
	classes = {
	};
	objectVersion = 46;
	objects = {

/* Begin PBXBuildFile section */
		3E58EE2694249E940A5899FB /* Pods_HitList.framework in Frameworks */ = {isa = PBXBuildFile; fileRef = 542E2B865D2C5805C27461A7 /* Pods_HitList.framework */; };
		A96149091FF851850036896E /* weatherVC.swift in Sources */ = {isa = PBXBuildFile; fileRef = A96149081FF851850036896E /* weatherVC.swift */; };
		A961490B1FF851FA0036896E /* dataModel.swift in Sources */ = {isa = PBXBuildFile; fileRef = A961490A1FF851FA0036896E /* dataModel.swift */; };
		A97D3D171FAA25780011503B /* AppDelegate.swift in Sources */ = {isa = PBXBuildFile; fileRef = A97D3D161FAA25780011503B /* AppDelegate.swift */; };
		A97D3D191FAA25780011503B /* ViewController.swift in Sources */ = {isa = PBXBuildFile; fileRef = A97D3D181FAA25780011503B /* ViewController.swift */; };
		A97D3D1C1FAA25780011503B /* Main.storyboard in Resources */ = {isa = PBXBuildFile; fileRef = A97D3D1A1FAA25780011503B /* Main.storyboard */; };
		A97D3D1F1FAA25780011503B /* HitList.xcdatamodeld in Sources */ = {isa = PBXBuildFile; fileRef = A97D3D1D1FAA25780011503B /* HitList.xcdatamodeld */; };
		A97D3D211FAA25780011503B /* Assets.xcassets in Resources */ = {isa = PBXBuildFile; fileRef = A97D3D201FAA25780011503B /* Assets.xcassets */; };
		A97D3D241FAA25780011503B /* LaunchScreen.storyboard in Resources */ = {isa = PBXBuildFile; fileRef = A97D3D221FAA25780011503B /* LaunchScreen.storyboard */; };
		A97D3D2F1FAA25780011503B /* HitListTests.swift in Sources */ = {isa = PBXBuildFile; fileRef = A97D3D2E1FAA25780011503B /* HitListTests.swift */; };
		A97D3D3A1FAA25780011503B /* HitListUITests.swift in Sources */ = {isa = PBXBuildFile; fileRef = A97D3D391FAA25780011503B /* HitListUITests.swift */; };
		A9B4653E1FDE12E300A86F03 /* searchListVC.swift in Sources */ = {isa = PBXBuildFile; fileRef = A9B4653D1FDE12E300A86F03 /* searchListVC.swift */; };
/* End PBXBuildFile section */

/* Begin PBXContainerItemProxy section */
		A97D3D2B1FAA25780011503B /* PBXContainerItemProxy */ = {
			isa = PBXContainerItemProxy;
			containerPortal = A97D3D0B1FAA25780011503B /* Project object */;
			proxyType = 1;
			remoteGlobalIDString = A97D3D121FAA25780011503B;
			remoteInfo = HitList;
		};
		A97D3D361FAA25780011503B /* PBXContainerItemProxy */ = {
			isa = PBXContainerItemProxy;
			containerPortal = A97D3D0B1FAA25780011503B /* Project object */;
			proxyType = 1;
			remoteGlobalIDString = A97D3D121FAA25780011503B;
			remoteInfo = HitList;
		};
/* End PBXContainerItemProxy section */

/* Begin PBXFileReference section */
		542E2B865D2C5805C27461A7 /* Pods_HitList.framework */ = {isa = PBXFileReference; explicitFileType = wrapper.framework; includeInIndex = 0; path = Pods_HitList.framework; sourceTree = BUILT_PRODUCTS_DIR; };
		73A0FBF24097A70AE3D0A0F0 /* Pods-HitList.debug.xcconfig */ = {isa = PBXFileReference; includeInIndex = 1; lastKnownFileType = text.xcconfig; name = "Pods-HitList.debug.xcconfig"; path = "Pods/Target Support Files/Pods-HitList/Pods-HitList.debug.xcconfig"; sourceTree = "<group>"; };
		A96149081FF851850036896E /* weatherVC.swift */ = {isa = PBXFileReference; fileEncoding = 4; lastKnownFileType = sourcecode.swift; path = weatherVC.swift; sourceTree = "<group>"; };
		A961490A1FF851FA0036896E /* dataModel.swift */ = {isa = PBXFileReference; fileEncoding = 4; lastKnownFileType = sourcecode.swift; path = dataModel.swift; sourceTree = "<group>"; };
		A97D3D131FAA25780011503B /* HitList.app */ = {isa = PBXFileReference; explicitFileType = wrapper.application; includeInIndex = 0; path = HitList.app; sourceTree = BUILT_PRODUCTS_DIR; };
		A97D3D161FAA25780011503B /* AppDelegate.swift */ = {isa = PBXFileReference; lastKnownFileType = sourcecode.swift; path = AppDelegate.swift; sourceTree = "<group>"; };
		A97D3D181FAA25780011503B /* ViewController.swift */ = {isa = PBXFileReference; lastKnownFileType = sourcecode.swift; path = ViewController.swift; sourceTree = "<group>"; };
		A97D3D1B1FAA25780011503B /* Base */ = {isa = PBXFileReference; lastKnownFileType = file.storyboard; name = Base; path = Base.lproj/Main.storyboard; sourceTree = "<group>"; };
		A97D3D1E1FAA25780011503B /* HitList.xcdatamodel */ = {isa = PBXFileReference; lastKnownFileType = wrapper.xcdatamodel; path = HitList.xcdatamodel; sourceTree = "<group>"; };
		A97D3D201FAA25780011503B /* Assets.xcassets */ = {isa = PBXFileReference; lastKnownFileType = folder.assetcatalog; path = Assets.xcassets; sourceTree = "<group>"; };
		A97D3D231FAA25780011503B /* Base */ = {isa = PBXFileReference; lastKnownFileType = file.storyboard; name = Base; path = Base.lproj/LaunchScreen.storyboard; sourceTree = "<group>"; };
		A97D3D251FAA25780011503B /* Info.plist */ = {isa = PBXFileReference; lastKnownFileType = text.plist.xml; path = Info.plist; sourceTree = "<group>"; };
		A97D3D2A1FAA25780011503B /* HitListTests.xctest */ = {isa = PBXFileReference; explicitFileType = wrapper.cfbundle; includeInIndex = 0; path = HitListTests.xctest; sourceTree = BUILT_PRODUCTS_DIR; };
		A97D3D2E1FAA25780011503B /* HitListTests.swift */ = {isa = PBXFileReference; lastKnownFileType = sourcecode.swift; path = HitListTests.swift; sourceTree = "<group>"; };
		A97D3D301FAA25780011503B /* Info.plist */ = {isa = PBXFileReference; lastKnownFileType = text.plist.xml; path = Info.plist; sourceTree = "<group>"; };
		A97D3D351FAA25780011503B /* HitListUITests.xctest */ = {isa = PBXFileReference; explicitFileType = wrapper.cfbundle; includeInIndex = 0; path = HitListUITests.xctest; sourceTree = BUILT_PRODUCTS_DIR; };
		A97D3D391FAA25780011503B /* HitListUITests.swift */ = {isa = PBXFileReference; lastKnownFileType = sourcecode.swift; path = HitListUITests.swift; sourceTree = "<group>"; };
		A97D3D3B1FAA25780011503B /* Info.plist */ = {isa = PBXFileReference; lastKnownFileType = text.plist.xml; path = Info.plist; sourceTree = "<group>"; };
		A9B4653D1FDE12E300A86F03 /* searchListVC.swift */ = {isa = PBXFileReference; fileEncoding = 4; lastKnownFileType = sourcecode.swift; path = searchListVC.swift; sourceTree = "<group>"; };
		B63ABE28571922DCB6AFF375 /* Pods-HitList.release.xcconfig */ = {isa = PBXFileReference; includeInIndex = 1; lastKnownFileType = text.xcconfig; name = "Pods-HitList.release.xcconfig"; path = "Pods/Target Support Files/Pods-HitList/Pods-HitList.release.xcconfig"; sourceTree = "<group>"; };
/* End PBXFileReference section */

/* Begin PBXFrameworksBuildPhase section */
		A97D3D101FAA25780011503B /* Frameworks */ = {
			isa = PBXFrameworksBuildPhase;
			buildActionMask = 2147483647;
			files = (
				3E58EE2694249E940A5899FB /* Pods_HitList.framework in Frameworks */,
			);
			runOnlyForDeploymentPostprocessing = 0;
		};
		A97D3D271FAA25780011503B /* Frameworks */ = {
			isa = PBXFrameworksBuildPhase;
			buildActionMask = 2147483647;
			files = (
			);
			runOnlyForDeploymentPostprocessing = 0;
		};
		A97D3D321FAA25780011503B /* Frameworks */ = {
			isa = PBXFrameworksBuildPhase;
			buildActionMask = 2147483647;
			files = (
			);
			runOnlyForDeploymentPostprocessing = 0;
		};
/* End PBXFrameworksBuildPhase section */

/* Begin PBXGroup section */
		732E129DDF5D80D6863352B9 /* Frameworks */ = {
			isa = PBXGroup;
			children = (
				542E2B865D2C5805C27461A7 /* Pods_HitList.framework */,
			);
			name = Frameworks;
			sourceTree = "<group>";
		};
		A97D3D0A1FAA25780011503B = {
			isa = PBXGroup;
			children = (
				A97D3D151FAA25780011503B /* HitList */,
				A97D3D2D1FAA25780011503B /* HitListTests */,
				A97D3D381FAA25780011503B /* HitListUITests */,
				A97D3D141FAA25780011503B /* Products */,
				C4CA5EE19E51A2843354C23E /* Pods */,
				732E129DDF5D80D6863352B9 /* Frameworks */,
			);
			sourceTree = "<group>";
		};
		A97D3D141FAA25780011503B /* Products */ = {
			isa = PBXGroup;
			children = (
				A97D3D131FAA25780011503B /* HitList.app */,
				A97D3D2A1FAA25780011503B /* HitListTests.xctest */,
				A97D3D351FAA25780011503B /* HitListUITests.xctest */,
			);
			name = Products;
			sourceTree = "<group>";
		};
		A97D3D151FAA25780011503B /* HitList */ = {
			isa = PBXGroup;
			children = (
				A97D3D161FAA25780011503B /* AppDelegate.swift */,
				A9B4653D1FDE12E300A86F03 /* searchListVC.swift */,
				A97D3D181FAA25780011503B /* ViewController.swift */,
				A97D3D1A1FAA25780011503B /* Main.storyboard */,
				A96149081FF851850036896E /* weatherVC.swift */,
				A961490A1FF851FA0036896E /* dataModel.swift */,
				A97D3D201FAA25780011503B /* Assets.xcassets */,
				A97D3D221FAA25780011503B /* LaunchScreen.storyboard */,
				A97D3D251FAA25780011503B /* Info.plist */,
				A97D3D1D1FAA25780011503B /* HitList.xcdatamodeld */,
			);
			path = HitList;
			sourceTree = "<group>";
		};
		A97D3D2D1FAA25780011503B /* HitListTests */ = {
			isa = PBXGroup;
			children = (
				A97D3D2E1FAA25780011503B /* HitListTests.swift */,
				A97D3D301FAA25780011503B /* Info.plist */,
			);
			path = HitListTests;
			sourceTree = "<group>";
		};
		A97D3D381FAA25780011503B /* HitListUITests */ = {
			isa = PBXGroup;
			children = (
				A97D3D391FAA25780011503B /* HitListUITests.swift */,
				A97D3D3B1FAA25780011503B /* Info.plist */,
			);
			path = HitListUITests;
			sourceTree = "<group>";
		};
		C4CA5EE19E51A2843354C23E /* Pods */ = {
			isa = PBXGroup;
			children = (
				73A0FBF24097A70AE3D0A0F0 /* Pods-HitList.debug.xcconfig */,
				B63ABE28571922DCB6AFF375 /* Pods-HitList.release.xcconfig */,
			);
			name = Pods;
			sourceTree = "<group>";
		};
/* End PBXGroup section */

/* Begin PBXNativeTarget section */
		A97D3D121FAA25780011503B /* HitList */ = {
			isa = PBXNativeTarget;
			buildConfigurationList = A97D3D3E1FAA25780011503B /* Build configuration list for PBXNativeTarget "HitList" */;
			buildPhases = (
				151C96FFDEA8BB5AB71400DB /* [CP] Check Pods Manifest.lock */,
				A97D3D0F1FAA25780011503B /* Sources */,
				A97D3D101FAA25780011503B /* Frameworks */,
				A97D3D111FAA25780011503B /* Resources */,
				3FC40243F62A0E6624B75DCC /* [CP] Embed Pods Frameworks */,
				B8ED1F9EA09377116E3535FE /* [CP] Copy Pods Resources */,
			);
			buildRules = (
			);
			dependencies = (
			);
			name = HitList;
			productName = HitList;
			productReference = A97D3D131FAA25780011503B /* HitList.app */;
			productType = "com.apple.product-type.application";
		};
		A97D3D291FAA25780011503B /* HitListTests */ = {
			isa = PBXNativeTarget;
			buildConfigurationList = A97D3D411FAA25780011503B /* Build configuration list for PBXNativeTarget "HitListTests" */;
			buildPhases = (
				A97D3D261FAA25780011503B /* Sources */,
				A97D3D271FAA25780011503B /* Frameworks */,
				A97D3D281FAA25780011503B /* Resources */,
			);
			buildRules = (
			);
			dependencies = (
				A97D3D2C1FAA25780011503B /* PBXTargetDependency */,
			);
			name = HitListTests;
			productName = HitListTests;
			productReference = A97D3D2A1FAA25780011503B /* HitListTests.xctest */;
			productType = "com.apple.product-type.bundle.unit-test";
		};
		A97D3D341FAA25780011503B /* HitListUITests */ = {
			isa = PBXNativeTarget;
			buildConfigurationList = A97D3D441FAA25780011503B /* Build configuration list for PBXNativeTarget "HitListUITests" */;
			buildPhases = (
				A97D3D311FAA25780011503B /* Sources */,
				A97D3D321FAA25780011503B /* Frameworks */,
				A97D3D331FAA25780011503B /* Resources */,
			);
			buildRules = (
			);
			dependencies = (
				A97D3D371FAA25780011503B /* PBXTargetDependency */,
			);
			name = HitListUITests;
			productName = HitListUITests;
			productReference = A97D3D351FAA25780011503B /* HitListUITests.xctest */;
			productType = "com.apple.product-type.bundle.ui-testing";
		};
/* End PBXNativeTarget section */

/* Begin PBXProject section */
		A97D3D0B1FAA25780011503B /* Project object */ = {
			isa = PBXProject;
			attributes = {
				LastSwiftUpdateCheck = 0830;
				LastUpgradeCheck = 0830;
				ORGANIZATIONNAME = trianderson;
				TargetAttributes = {
					A97D3D121FAA25780011503B = {
						CreatedOnToolsVersion = 8.3.3;
						ProvisioningStyle = Automatic;
					};
					A97D3D291FAA25780011503B = {
						CreatedOnToolsVersion = 8.3.3;
						ProvisioningStyle = Automatic;
						TestTargetID = A97D3D121FAA25780011503B;
					};
					A97D3D341FAA25780011503B = {
						CreatedOnToolsVersion = 8.3.3;
						ProvisioningStyle = Automatic;
						TestTargetID = A97D3D121FAA25780011503B;
					};
				};
			};
			buildConfigurationList = A97D3D0E1FAA25780011503B /* Build configuration list for PBXProject "HitList" */;
			compatibilityVersion = "Xcode 3.2";
			developmentRegion = English;
			hasScannedForEncodings = 0;
			knownRegions = (
				en,
				Base,
			);
			mainGroup = A97D3D0A1FAA25780011503B;
			productRefGroup = A97D3D141FAA25780011503B /* Products */;
			projectDirPath = "";
			projectRoot = "";
			targets = (
				A97D3D121FAA25780011503B /* HitList */,
				A97D3D291FAA25780011503B /* HitListTests */,
				A97D3D341FAA25780011503B /* HitListUITests */,
			);
		};
/* End PBXProject section */

/* Begin PBXResourcesBuildPhase section */
		A97D3D111FAA25780011503B /* Resources */ = {
			isa = PBXResourcesBuildPhase;
			buildActionMask = 2147483647;
			files = (
				A97D3D241FAA25780011503B /* LaunchScreen.storyboard in Resources */,
				A97D3D211FAA25780011503B /* Assets.xcassets in Resources */,
				A97D3D1C1FAA25780011503B /* Main.storyboard in Resources */,
			);
			runOnlyForDeploymentPostprocessing = 0;
		};
		A97D3D281FAA25780011503B /* Resources */ = {
			isa = PBXResourcesBuildPhase;
			buildActionMask = 2147483647;
			files = (
			);
			runOnlyForDeploymentPostprocessing = 0;
		};
		A97D3D331FAA25780011503B /* Resources */ = {
			isa = PBXResourcesBuildPhase;
			buildActionMask = 2147483647;
			files = (
			);
			runOnlyForDeploymentPostprocessing = 0;
		};
/* End PBXResourcesBuildPhase section */

/* Begin PBXShellScriptBuildPhase section */
		151C96FFDEA8BB5AB71400DB /* [CP] Check Pods Manifest.lock */ = {
			isa = PBXShellScriptBuildPhase;
			buildActionMask = 2147483647;
			files = (
			);
			inputPaths = (
				"${PODS_PODFILE_DIR_PATH}/Podfile.lock",
				"${PODS_ROOT}/Manifest.lock",
			);
			name = "[CP] Check Pods Manifest.lock";
			outputPaths = (
				"$(DERIVED_FILE_DIR)/Pods-HitList-checkManifestLockResult.txt",
			);
			runOnlyForDeploymentPostprocessing = 0;
			shellPath = /bin/sh;
			shellScript = "diff \"${PODS_PODFILE_DIR_PATH}/Podfile.lock\" \"${PODS_ROOT}/Manifest.lock\" > /dev/null\nif [ $? != 0 ] ; then\n    # print error to STDERR\n    echo \"error: The sandbox is not in sync with the Podfile.lock. Run 'pod install' or update your CocoaPods installation.\" >&2\n    exit 1\nfi\n# This output is used by Xcode 'outputs' to avoid re-running this script phase.\necho \"SUCCESS\" > \"${SCRIPT_OUTPUT_FILE_0}\"\n";
			showEnvVarsInLog = 0;
		};
		3FC40243F62A0E6624B75DCC /* [CP] Embed Pods Frameworks */ = {
			isa = PBXShellScriptBuildPhase;
			buildActionMask = 2147483647;
			files = (
			);
			inputPaths = (
				"${SRCROOT}/Pods/Target Support Files/Pods-HitList/Pods-HitList-frameworks.sh",
				"${BUILT_PRODUCTS_DIR}/Alamofire/Alamofire.framework",
			);
			name = "[CP] Embed Pods Frameworks";
			outputPaths = (
				"${TARGET_BUILD_DIR}/${FRAMEWORKS_FOLDER_PATH}/Alamofire.framework",
			);
			runOnlyForDeploymentPostprocessing = 0;
			shellPath = /bin/sh;
			shellScript = "\"${SRCROOT}/Pods/Target Support Files/Pods-HitList/Pods-HitList-frameworks.sh\"\n";
			showEnvVarsInLog = 0;
		};
		B8ED1F9EA09377116E3535FE /* [CP] Copy Pods Resources */ = {
			isa = PBXShellScriptBuildPhase;
			buildActionMask = 2147483647;
			files = (
			);
			inputPaths = (
			);
			name = "[CP] Copy Pods Resources";
			outputPaths = (
			);
			runOnlyForDeploymentPostprocessing = 0;
			shellPath = /bin/sh;
			shellScript = "\"${SRCROOT}/Pods/Target Support Files/Pods-HitList/Pods-HitList-resources.sh\"\n";
			showEnvVarsInLog = 0;
		};
/* End PBXShellScriptBuildPhase section */

/* Begin PBXSourcesBuildPhase section */
		A97D3D0F1FAA25780011503B /* Sources */ = {
			isa = PBXSourcesBuildPhase;
			buildActionMask = 2147483647;
			files = (
				A9B4653E1FDE12E300A86F03 /* searchListVC.swift in Sources */,
				A97D3D1F1FAA25780011503B /* HitList.xcdatamodeld in Sources */,
				A97D3D191FAA25780011503B /* ViewController.swift in Sources */,
				A96149091FF851850036896E /* weatherVC.swift in Sources */,
				A97D3D171FAA25780011503B /* AppDelegate.swift in Sources */,
				A961490B1FF851FA0036896E /* dataModel.swift in Sources */,
			);
			runOnlyForDeploymentPostprocessing = 0;
		};
		A97D3D261FAA25780011503B /* Sources */ = {
			isa = PBXSourcesBuildPhase;
			buildActionMask = 2147483647;
			files = (
				A97D3D2F1FAA25780011503B /* HitListTests.swift in Sources */,
			);
			runOnlyForDeploymentPostprocessing = 0;
		};
		A97D3D311FAA25780011503B /* Sources */ = {
			isa = PBXSourcesBuildPhase;
			buildActionMask = 2147483647;
			files = (
				A97D3D3A1FAA25780011503B /* HitListUITests.swift in Sources */,
			);
			runOnlyForDeploymentPostprocessing = 0;
		};
/* End PBXSourcesBuildPhase section */

/* Begin PBXTargetDependency section */
		A97D3D2C1FAA25780011503B /* PBXTargetDependency */ = {
			isa = PBXTargetDependency;
			target = A97D3D121FAA25780011503B /* HitList */;
			targetProxy = A97D3D2B1FAA25780011503B /* PBXContainerItemProxy */;
		};
		A97D3D371FAA25780011503B /* PBXTargetDependency */ = {
			isa = PBXTargetDependency;
			target = A97D3D121FAA25780011503B /* HitList */;
			targetProxy = A97D3D361FAA25780011503B /* PBXContainerItemProxy */;
		};
/* End PBXTargetDependency section */

/* Begin PBXVariantGroup section */
		A97D3D1A1FAA25780011503B /* Main.storyboard */ = {
			isa = PBXVariantGroup;
			children = (
				A97D3D1B1FAA25780011503B /* Base */,
			);
			name = Main.storyboard;
			sourceTree = "<group>";
		};
		A97D3D221FAA25780011503B /* LaunchScreen.storyboard */ = {
			isa = PBXVariantGroup;
			children = (
				A97D3D231FAA25780011503B /* Base */,
			);
			name = LaunchScreen.storyboard;
			sourceTree = "<group>";
		};
/* End PBXVariantGroup section */

/* Begin XCBuildConfiguration section */
		A97D3D3C1FAA25780011503B /* Debug */ = {
			isa = XCBuildConfiguration;
			buildSettings = {
				ALWAYS_SEARCH_USER_PATHS = NO;
				CLANG_ANALYZER_NONNULL = YES;
				CLANG_ANALYZER_NUMBER_OBJECT_CONVERSION = YES_AGGRESSIVE;
				CLANG_CXX_LANGUAGE_STANDARD = "gnu++0x";
				CLANG_CXX_LIBRARY = "libc++";
				CLANG_ENABLE_MODULES = YES;
				CLANG_ENABLE_OBJC_ARC = YES;
				CLANG_WARN_BOOL_CONVERSION = YES;
				CLANG_WARN_CONSTANT_CONVERSION = YES;
				CLANG_WARN_DIRECT_OBJC_ISA_USAGE = YES_ERROR;
				CLANG_WARN_DOCUMENTATION_COMMENTS = YES;
				CLANG_WARN_EMPTY_BODY = YES;
				CLANG_WARN_ENUM_CONVERSION = YES;
				CLANG_WARN_INFINITE_RECURSION = YES;
				CLANG_WARN_INT_CONVERSION = YES;
				CLANG_WARN_OBJC_ROOT_CLASS = YES_ERROR;
				CLANG_WARN_SUSPICIOUS_MOVE = YES;
				CLANG_WARN_UNREACHABLE_CODE = YES;
				CLANG_WARN__DUPLICATE_METHOD_MATCH = YES;
				"CODE_SIGN_IDENTITY[sdk=iphoneos*]" = "iPhone Developer";
				COPY_PHASE_STRIP = NO;
				DEBUG_INFORMATION_FORMAT = dwarf;
				ENABLE_STRICT_OBJC_MSGSEND = YES;
				ENABLE_TESTABILITY = YES;
				GCC_C_LANGUAGE_STANDARD = gnu99;
				GCC_DYNAMIC_NO_PIC = NO;
				GCC_NO_COMMON_BLOCKS = YES;
				GCC_OPTIMIZATION_LEVEL = 0;
				GCC_PREPROCESSOR_DEFINITIONS = (
					"DEBUG=1",
					"$(inherited)",
				);
				GCC_WARN_64_TO_32_BIT_CONVERSION = YES;
				GCC_WARN_ABOUT_RETURN_TYPE = YES_ERROR;
				GCC_WARN_UNDECLARED_SELECTOR = YES;
				GCC_WARN_UNINITIALIZED_AUTOS = YES_AGGRESSIVE;
				GCC_WARN_UNUSED_FUNCTION = YES;
				GCC_WARN_UNUSED_VARIABLE = YES;
				IPHONEOS_DEPLOYMENT_TARGET = 10.3;
				MTL_ENABLE_DEBUG_INFO = YES;
				ONLY_ACTIVE_ARCH = YES;
				SDKROOT = iphoneos;
				SWIFT_ACTIVE_COMPILATION_CONDITIONS = DEBUG;
				SWIFT_OPTIMIZATION_LEVEL = "-Onone";
				TARGETED_DEVICE_FAMILY = "1,2";
			};
			name = Debug;
		};
		A97D3D3D1FAA25780011503B /* Release */ = {
			isa = XCBuildConfiguration;
			buildSettings = {
				ALWAYS_SEARCH_USER_PATHS = NO;
				CLANG_ANALYZER_NONNULL = YES;
				CLANG_ANALYZER_NUMBER_OBJECT_CONVERSION = YES_AGGRESSIVE;
				CLANG_CXX_LANGUAGE_STANDARD = "gnu++0x";
				CLANG_CXX_LIBRARY = "libc++";
				CLANG_ENABLE_MODULES = YES;
				CLANG_ENABLE_OBJC_ARC = YES;
				CLANG_WARN_BOOL_CONVERSION = YES;
				CLANG_WARN_CONSTANT_CONVERSION = YES;
				CLANG_WARN_DIRECT_OBJC_ISA_USAGE = YES_ERROR;
				CLANG_WARN_DOCUMENTATION_COMMENTS = YES;
				CLANG_WARN_EMPTY_BODY = YES;
				CLANG_WARN_ENUM_CONVERSION = YES;
				CLANG_WARN_INFINITE_RECURSION = YES;
				CLANG_WARN_INT_CONVERSION = YES;
				CLANG_WARN_OBJC_ROOT_CLASS = YES_ERROR;
				CLANG_WARN_SUSPICIOUS_MOVE = YES;
				CLANG_WARN_UNREACHABLE_CODE = YES;
				CLANG_WARN__DUPLICATE_METHOD_MATCH = YES;
				"CODE_SIGN_IDENTITY[sdk=iphoneos*]" = "iPhone Developer";
				COPY_PHASE_STRIP = NO;
				DEBUG_INFORMATION_FORMAT = "dwarf-with-dsym";
				ENABLE_NS_ASSERTIONS = NO;
				ENABLE_STRICT_OBJC_MSGSEND = YES;
				GCC_C_LANGUAGE_STANDARD = gnu99;
				GCC_NO_COMMON_BLOCKS = YES;
				GCC_WARN_64_TO_32_BIT_CONVERSION = YES;
				GCC_WARN_ABOUT_RETURN_TYPE = YES_ERROR;
				GCC_WARN_UNDECLARED_SELECTOR = YES;
				GCC_WARN_UNINITIALIZED_AUTOS = YES_AGGRESSIVE;
				GCC_WARN_UNUSED_FUNCTION = YES;
				GCC_WARN_UNUSED_VARIABLE = YES;
				IPHONEOS_DEPLOYMENT_TARGET = 10.3;
				MTL_ENABLE_DEBUG_INFO = NO;
				SDKROOT = iphoneos;
				SWIFT_OPTIMIZATION_LEVEL = "-Owholemodule";
				TARGETED_DEVICE_FAMILY = "1,2";
				VALIDATE_PRODUCT = YES;
			};
			name = Release;
		};
		A97D3D3F1FAA25780011503B /* Debug */ = {
			isa = XCBuildConfiguration;
			baseConfigurationReference = 73A0FBF24097A70AE3D0A0F0 /* Pods-HitList.debug.xcconfig */;
			buildSettings = {
				ASSETCATALOG_COMPILER_APPICON_NAME = AppIcon;
				INFOPLIST_FILE = HitList/Info.plist;
				LD_RUNPATH_SEARCH_PATHS = "$(inherited) @executable_path/Frameworks";
				PRODUCT_BUNDLE_IDENTIFIER = com.trianderson.HitList;
				PRODUCT_NAME = "$(TARGET_NAME)";
				SWIFT_VERSION = 3.0;
			};
			name = Debug;
		};
		A97D3D401FAA25780011503B /* Release */ = {
			isa = XCBuildConfiguration;
			baseConfigurationReference = B63ABE28571922DCB6AFF375 /* Pods-HitList.release.xcconfig */;
			buildSettings = {
				ASSETCATALOG_COMPILER_APPICON_NAME = AppIcon;
				INFOPLIST_FILE = HitList/Info.plist;
				LD_RUNPATH_SEARCH_PATHS = "$(inherited) @executable_path/Frameworks";
				PRODUCT_BUNDLE_IDENTIFIER = com.trianderson.HitList;
				PRODUCT_NAME = "$(TARGET_NAME)";
				SWIFT_VERSION = 3.0;
			};
			name = Release;
		};
		A97D3D421FAA25780011503B /* Debug */ = {
			isa = XCBuildConfiguration;
			buildSettings = {
				ALWAYS_EMBED_SWIFT_STANDARD_LIBRARIES = YES;
				BUNDLE_LOADER = "$(TEST_HOST)";
				INFOPLIST_FILE = HitListTests/Info.plist;
				LD_RUNPATH_SEARCH_PATHS = "$(inherited) @executable_path/Frameworks @loader_path/Frameworks";
				PRODUCT_BUNDLE_IDENTIFIER = com.trianderson.HitListTests;
				PRODUCT_NAME = "$(TARGET_NAME)";
				SWIFT_VERSION = 3.0;
				TEST_HOST = "$(BUILT_PRODUCTS_DIR)/HitList.app/HitList";
			};
			name = Debug;
		};
		A97D3D431FAA25780011503B /* Release */ = {
			isa = XCBuildConfiguration;
			buildSettings = {
				ALWAYS_EMBED_SWIFT_STANDARD_LIBRARIES = YES;
				BUNDLE_LOADER = "$(TEST_HOST)";
				INFOPLIST_FILE = HitListTests/Info.plist;
				LD_RUNPATH_SEARCH_PATHS = "$(inherited) @executable_path/Frameworks @loader_path/Frameworks";
				PRODUCT_BUNDLE_IDENTIFIER = com.trianderson.HitListTests;
				PRODUCT_NAME = "$(TARGET_NAME)";
				SWIFT_VERSION = 3.0;
				TEST_HOST = "$(BUILT_PRODUCTS_DIR)/HitList.app/HitList";
			};
			name = Release;
		};
		A97D3D451FAA25780011503B /* Debug */ = {
			isa = XCBuildConfiguration;
			buildSettings = {
				ALWAYS_EMBED_SWIFT_STANDARD_LIBRARIES = YES;
				INFOPLIST_FILE = HitListUITests/Info.plist;
				LD_RUNPATH_SEARCH_PATHS = "$(inherited) @executable_path/Frameworks @loader_path/Frameworks";
				PRODUCT_BUNDLE_IDENTIFIER = com.trianderson.HitListUITests;
				PRODUCT_NAME = "$(TARGET_NAME)";
				SWIFT_VERSION = 3.0;
				TEST_TARGET_NAME = HitList;
			};
			name = Debug;
		};
		A97D3D461FAA25780011503B /* Release */ = {
			isa = XCBuildConfiguration;
			buildSettings = {
				ALWAYS_EMBED_SWIFT_STANDARD_LIBRARIES = YES;
				INFOPLIST_FILE = HitListUITests/Info.plist;
				LD_RUNPATH_SEARCH_PATHS = "$(inherited) @executable_path/Frameworks @loader_path/Frameworks";
				PRODUCT_BUNDLE_IDENTIFIER = com.trianderson.HitListUITests;
				PRODUCT_NAME = "$(TARGET_NAME)";
				SWIFT_VERSION = 3.0;
				TEST_TARGET_NAME = HitList;
			};
			name = Release;
		};
/* End XCBuildConfiguration section */

/* Begin XCConfigurationList section */
		A97D3D0E1FAA25780011503B /* Build configuration list for PBXProject "HitList" */ = {
			isa = XCConfigurationList;
			buildConfigurations = (
				A97D3D3C1FAA25780011503B /* Debug */,
				A97D3D3D1FAA25780011503B /* Release */,
			);
			defaultConfigurationIsVisible = 0;
			defaultConfigurationName = Release;
		};
		A97D3D3E1FAA25780011503B /* Build configuration list for PBXNativeTarget "HitList" */ = {
			isa = XCConfigurationList;
			buildConfigurations = (
				A97D3D3F1FAA25780011503B /* Debug */,
				A97D3D401FAA25780011503B /* Release */,
			);
			defaultConfigurationIsVisible = 0;
			defaultConfigurationName = Release;
		};
		A97D3D411FAA25780011503B /* Build configuration list for PBXNativeTarget "HitListTests" */ = {
			isa = XCConfigurationList;
			buildConfigurations = (
				A97D3D421FAA25780011503B /* Debug */,
				A97D3D431FAA25780011503B /* Release */,
			);
			defaultConfigurationIsVisible = 0;
			defaultConfigurationName = Release;
		};
		A97D3D441FAA25780011503B /* Build configuration list for PBXNativeTarget "HitListUITests" */ = {
			isa = XCConfigurationList;
			buildConfigurations = (
				A97D3D451FAA25780011503B /* Debug */,
				A97D3D461FAA25780011503B /* Release */,
			);
			defaultConfigurationIsVisible = 0;
			defaultConfigurationName = Release;
		};
/* End XCConfigurationList section */

/* Begin XCVersionGroup section */
		A97D3D1D1FAA25780011503B /* HitList.xcdatamodeld */ = {
			isa = XCVersionGroup;
			children = (
				A97D3D1E1FAA25780011503B /* HitList.xcdatamodel */,
			);
			currentVersion = A97D3D1E1FAA25780011503B /* HitList.xcdatamodel */;
			path = HitList.xcdatamodeld;
			sourceTree = "<group>";
			versionGroupType = wrapper.xcdatamodel;
		};
/* End XCVersionGroup section */
	};
	rootObject = A97D3D0B1FAA25780011503B /* Project object */;
}
